{
  "lockfile_version": "1",
  "packages": {
    "helmfile@latest": {
      "last_modified": "2023-11-30T09:21:56Z",
      "resolved": "github:NixOS/nixpkgs/f5c27c6136db4d76c30e533c20517df6864c46ee#helmfile",
      "source": "devbox-search",
      "version": "0.159.0",
      "systems": {
        "aarch64-darwin": {
          "store_path": "/nix/store/k346f3v9k0gsf2lphj3n09vhi7dp4bpn-helmfile-0.159.0"
        },
        "aarch64-linux": {
          "store_path": "/nix/store/6rax54ar69aw74zcllch9zvim9jvwy31-helmfile-0.159.0"
        },
        "x86_64-darwin": {
          "store_path": "/nix/store/8nn2l4hzqahqxhdms75bsxyiqzgm0wxa-helmfile-0.159.0"
        },
        "x86_64-linux": {
          "store_path": "/nix/store/j8jrqxxm87lgf51x0lg0dxpw7y21pmc1-helmfile-0.159.0"
        }
      }
    },
    "k9s@latest": {
      "last_modified": "2023-11-17T14:14:56Z",
      "resolved": "github:NixOS/nixpkgs/a71323f68d4377d12c04a5410e214495ec598d4c#k9s",
      "source": "devbox-search",
      "version": "0.28.2",
      "systems": {
        "aarch64-darwin": {
          "store_path": "/nix/store/v6lga1i6wywqzbnbwbml9wgg5y8f0rar-k9s-0.28.2"
        },
        "aarch64-linux": {
          "store_path": "/nix/store/vl5c8jznzhjqwprl1l92lizq0fgy1h0a-k9s-0.28.2"
        },
        "x86_64-darwin": {
          "store_path": "/nix/store/2p5n9m0r92hm6za350viibfp922ci15f-k9s-0.28.2"
        },
        "x86_64-linux": {
          "store_path": "/nix/store/py0nhklg5wpiz637b99q282dp0224adv-k9s-0.28.2"
        }
      }
    },
    "krew@latest": {
      "last_modified": "2023-11-17T14:14:56Z",
      "resolved": "github:NixOS/nixpkgs/a71323f68d4377d12c04a5410e214495ec598d4c#krew",
      "source": "devbox-search",
      "version": "0.4.4",
      "systems": {
        "aarch64-darwin": {
          "store_path": "/nix/store/6aqjwp1fnz93m3q1jpfsh07pbcdi9kkb-krew-0.4.4"
        },
        "aarch64-linux": {
          "store_path": "/nix/store/pbqyqibchzjkx7qd2nd0wmnyqglbw3k0-krew-0.4.4"
        },
        "x86_64-darwin": {
          "store_path": "/nix/store/iv6x38g71jzp0jym1abc2qfiydnbdwnh-krew-0.4.4"
        },
        "x86_64-linux": {
          "store_path": "/nix/store/y75hha1fd2jwqf2ss9nkmniwkbba8s9y-krew-0.4.4"
        }
      }
    },
    "kubectl@latest": {
      "last_modified": "2023-11-19T00:55:35Z",
      "resolved": "github:NixOS/nixpkgs/9ea24fc7e02b65c150c88e1412400b70087bd382#kubectl",
      "source": "devbox-search",
      "version": "1.28.4",
      "systems": {
        "aarch64-darwin": {
          "store_path": "/nix/store/ndlxcylksh85lh8anay6mi7sd985vcdd-kubectl-1.28.4"
        },
        "aarch64-linux": {
          "store_path": "/nix/store/20jd0fxhrkkvqksfwzbgyramhacsabhi-kubectl-1.28.4"
        },
        "x86_64-darwin": {
          "store_path": "/nix/store/drv3drihn38imxbzhyqa8p7n5q0qmizx-kubectl-1.28.4"
        },
        "x86_64-linux": {
          "store_path": "/nix/store/jpznx1gqm4cc0r85q2hrwiwjy44zyrx8-kubectl-1.28.4"
        }
      }
    },
    "kubernetes-helm@latest": {
      "last_modified": "2023-11-17T14:14:56Z",
      "resolved": "github:NixOS/nixpkgs/a71323f68d4377d12c04a5410e214495ec598d4c#kubernetes-helm",
      "source": "devbox-search",
      "version": "3.13.2",
      "systems": {
        "aarch64-darwin": {
          "store_path": "/nix/store/bm0hydn3x8qicnnpp1j59affzbh802g6-kubernetes-helm-3.13.2"
        },
        "aarch64-linux": {
          "store_path": "/nix/store/rlxzcdijanfnr1cycmasxlqqbkhmfllc-kubernetes-helm-3.13.2"
        },
        "x86_64-darwin": {
          "store_path": "/nix/store/wihx37d21rxyvp5d10ki9qr57mmqa96n-kubernetes-helm-3.13.2"
        },
        "x86_64-linux": {
          "store_path": "/nix/store/2nsswfqlz4nc2hrbxchz7n98ccg9jfjx-kubernetes-helm-3.13.2"
        }
      }
    }
  }
}
