{
  "lockfile_version": "1",
  "packages": {
    "dapr-cli@latest": {
      "last_modified": "2025-05-16T20:19:48Z",
      "resolved": "github:NixOS/nixpkgs/12a55407652e04dcf2309436eb06fef0d3713ef3#dapr-cli",
      "source": "devbox-search",
      "version": "1.15.1",
      "systems": {
        "aarch64-darwin": {
          "outputs": [
            {
              "name": "out",
              "path": "/nix/store/zipnxrsgy25lmdahmgcffn4k4y6csf61-dapr-cli-1.15.1",
              "default": true
            }
          ],
          "store_path": "/nix/store/zipnxrsgy25lmdahmgcffn4k4y6csf61-dapr-cli-1.15.1"
        },
        "aarch64-linux": {
          "outputs": [
            {
              "name": "out",
              "path": "/nix/store/qxc1bqrxrdw8mlmbvxb9pv8fwc5qv63y-dapr-cli-1.15.1",
              "default": true
            }
          ],
          "store_path": "/nix/store/qxc1bqrxrdw8mlmbvxb9pv8fwc5qv63y-dapr-cli-1.15.1"
        },
        "x86_64-darwin": {
          "outputs": [
            {
              "name": "out",
              "path": "/nix/store/v8nw632y5fjxzljy6qxcphq5yl7gvfjv-dapr-cli-1.15.1",
              "default": true
            }
          ],
          "store_path": "/nix/store/v8nw632y5fjxzljy6qxcphq5yl7gvfjv-dapr-cli-1.15.1"
        },
        "x86_64-linux": {
          "outputs": [
            {
              "name": "out",
              "path": "/nix/store/97iqh2l8sqbj4g7vwm0pmbllcii5wl1v-dapr-cli-1.15.1",
              "default": true
            }
          ],
          "store_path": "/nix/store/97iqh2l8sqbj4g7vwm0pmbllcii5wl1v-dapr-cli-1.15.1"
        }
      }
    },
    "github:NixOS/nixpkgs/nixpkgs-unstable": {
      "last_modified": "2025-11-20T06:07:48Z",
      "resolved": "github:NixOS/nixpkgs/a8d610af3f1a5fb71e23e08434d8d61a466fc942?lastModified=1763618868&narHash=sha256-v5afmLjn%2FuyD9EQuPBn7nZuaZVV9r%2BJerayK%2F4wvdWA%3D"
    },
    "helmfile@latest": {
      "last_modified": "2025-06-13T00:58:23Z",
      "resolved": "github:NixOS/nixpkgs/6e7721e37bf00fa7ea44ac3cfc9d2411284ec3ef#helmfile",
      "source": "devbox-search",
      "version": "1.1.2",
      "systems": {
        "aarch64-darwin": {
          "outputs": [
            {
              "name": "out",
              "path": "/nix/store/1r8g6zc5ky891daaydw19dip8j0vgkhi-helmfile-1.1.2",
              "default": true
            }
          ],
          "store_path": "/nix/store/1r8g6zc5ky891daaydw19dip8j0vgkhi-helmfile-1.1.2"
        },
        "aarch64-linux": {
          "outputs": [
            {
              "name": "out",
              "path": "/nix/store/k1qmx3hl38fnjyyf5n2gwb6a3qywxcni-helmfile-1.1.2",
              "default": true
            }
          ],
          "store_path": "/nix/store/k1qmx3hl38fnjyyf5n2gwb6a3qywxcni-helmfile-1.1.2"
        },
        "x86_64-darwin": {
          "outputs": [
            {
              "name": "out",
              "path": "/nix/store/gag4qdgn0pbr6nc4sg08yhp6kq1xnw88-helmfile-1.1.2",
              "default": true
            }
          ],
          "store_path": "/nix/store/gag4qdgn0pbr6nc4sg08yhp6kq1xnw88-helmfile-1.1.2"
        },
        "x86_64-linux": {
          "outputs": [
            {
              "name": "out",
              "path": "/nix/store/ld6angkp5lq9w135nn0vx41ax2jkmakf-helmfile-1.1.2",
              "default": true
            }
          ],
          "store_path": "/nix/store/ld6angkp5lq9w135nn0vx41ax2jkmakf-helmfile-1.1.2"
        }
      }
    },
    "k9s@latest": {
      "last_modified": "2025-06-01T15:36:18Z",
      "resolved": "github:NixOS/nixpkgs/5929de975bcf4c7c8d8b5ca65c8cd9ef9e44523e#k9s",
      "source": "devbox-search",
      "version": "0.50.6",
      "systems": {
        "aarch64-darwin": {
          "outputs": [
            {
              "name": "out",
              "path": "/nix/store/0kjbnz4vyqv50xmidkf3a9fd9xkv7qnx-k9s-0.50.6",
              "default": true
            }
          ],
          "store_path": "/nix/store/0kjbnz4vyqv50xmidkf3a9fd9xkv7qnx-k9s-0.50.6"
        },
        "aarch64-linux": {
          "outputs": [
            {
              "name": "out",
              "path": "/nix/store/cy9v8qdf8y1g45774rm9jzw03pf0866d-k9s-0.50.6",
              "default": true
            }
          ],
          "store_path": "/nix/store/cy9v8qdf8y1g45774rm9jzw03pf0866d-k9s-0.50.6"
        },
        "x86_64-darwin": {
          "outputs": [
            {
              "name": "out",
              "path": "/nix/store/33wpwmnd235m388diiky223sm2g1gf9g-k9s-0.50.6",
              "default": true
            }
          ],
          "store_path": "/nix/store/33wpwmnd235m388diiky223sm2g1gf9g-k9s-0.50.6"
        },
        "x86_64-linux": {
          "outputs": [
            {
              "name": "out",
              "path": "/nix/store/ym871cb8337ph62j517586skc6ya7znp-k9s-0.50.6",
              "default": true
            }
          ],
          "store_path": "/nix/store/ym871cb8337ph62j517586skc6ya7znp-k9s-0.50.6"
        }
      }
    },
    "krew@latest": {
      "last_modified": "2025-05-16T20:19:48Z",
      "resolved": "github:NixOS/nixpkgs/12a55407652e04dcf2309436eb06fef0d3713ef3#krew",
      "source": "devbox-search",
      "version": "0.4.5",
      "systems": {
        "aarch64-darwin": {
          "outputs": [
            {
              "name": "out",
              "path": "/nix/store/nbj1pjqxw2w4s691a72vhnin2s4yk51v-krew-0.4.5",
              "default": true
            }
          ],
          "store_path": "/nix/store/nbj1pjqxw2w4s691a72vhnin2s4yk51v-krew-0.4.5"
        },
        "aarch64-linux": {
          "outputs": [
            {
              "name": "out",
              "path": "/nix/store/z12ql4099cpp07abr7nlia19dg4z4pv8-krew-0.4.5",
              "default": true
            }
          ],
          "store_path": "/nix/store/z12ql4099cpp07abr7nlia19dg4z4pv8-krew-0.4.5"
        },
        "x86_64-darwin": {
          "outputs": [
            {
              "name": "out",
              "path": "/nix/store/2m9yhl7avwr7wz2vlazdg8zh28zvfiqa-krew-0.4.5",
              "default": true
            }
          ],
          "store_path": "/nix/store/2m9yhl7avwr7wz2vlazdg8zh28zvfiqa-krew-0.4.5"
        },
        "x86_64-linux": {
          "outputs": [
            {
              "name": "out",
              "path": "/nix/store/hnc3vpslf0fkbfm7syria40fk44y5qml-krew-0.4.5",
              "default": true
            }
          ],
          "store_path": "/nix/store/hnc3vpslf0fkbfm7syria40fk44y5qml-krew-0.4.5"
        }
      }
    },
    "kubectl@latest": {
      "last_modified": "2025-05-24T21:46:02Z",
      "resolved": "github:NixOS/nixpkgs/edb3633f9100d9277d1c9af245a4e9337a980c07#kubectl",
      "source": "devbox-search",
      "version": "1.33.1",
      "systems": {
        "aarch64-darwin": {
          "outputs": [
            {
              "name": "out",
              "path": "/nix/store/vcq5gsn9rp26xbz14b5b2fd8map8qnvj-kubectl-1.33.1",
              "default": true
            },
            {
              "name": "man",
              "path": "/nix/store/20v8bx884m4i34zdkksdq5qpkm966m65-kubectl-1.33.1-man",
              "default": true
            },
            {
              "name": "convert",
              "path": "/nix/store/cjm9i86w7is18g3cpsgfc0c3jmsnp0s8-kubectl-1.33.1-convert"
            }
          ],
          "store_path": "/nix/store/vcq5gsn9rp26xbz14b5b2fd8map8qnvj-kubectl-1.33.1"
        },
        "aarch64-linux": {
          "outputs": [
            {
              "name": "out",
              "path": "/nix/store/m8406nxn25y7a80jxq6mdk70p1xl8xrc-kubectl-1.33.1",
              "default": true
            },
            {
              "name": "man",
              "path": "/nix/store/gy8hdpwiqcy35zp0a9imbv4fqqy3cwn8-kubectl-1.33.1-man",
              "default": true
            },
            {
              "name": "convert",
              "path": "/nix/store/kh7b55lvpwfrdfbq3qrzcj9qjanfqn7c-kubectl-1.33.1-convert"
            }
          ],
          "store_path": "/nix/store/m8406nxn25y7a80jxq6mdk70p1xl8xrc-kubectl-1.33.1"
        },
        "x86_64-darwin": {
          "outputs": [
            {
              "name": "out",
              "path": "/nix/store/g8r4y54jpdyrvnrbhqyg60sr1wpqx0ff-kubectl-1.33.1",
              "default": true
            },
            {
              "name": "man",
              "path": "/nix/store/0n7ik9w8sjrhanv7yb1ijhwyawx7xcz2-kubectl-1.33.1-man",
              "default": true
            },
            {
              "name": "convert",
              "path": "/nix/store/fdpw2205wf6qq7h271nzbhxdmx561vq0-kubectl-1.33.1-convert"
            }
          ],
          "store_path": "/nix/store/g8r4y54jpdyrvnrbhqyg60sr1wpqx0ff-kubectl-1.33.1"
        },
        "x86_64-linux": {
          "outputs": [
            {
              "name": "out",
              "path": "/nix/store/lrfm3r4z5iqyn5fqf085bdyp7b5ghhdr-kubectl-1.33.1",
              "default": true
            },
            {
              "name": "man",
              "path": "/nix/store/hhank6pxbzwzm6b6gphpc1rj2jjdpmmk-kubectl-1.33.1-man",
              "default": true
            },
            {
              "name": "convert",
              "path": "/nix/store/yqlm8fmchxsxzica482r16sfm8x84hck-kubectl-1.33.1-convert"
            }
          ],
          "store_path": "/nix/store/lrfm3r4z5iqyn5fqf085bdyp7b5ghhdr-kubectl-1.33.1"
        }
      }
    },
    "kubernetes-helm@latest": {
      "last_modified": "2025-06-12T07:29:08Z",
      "resolved": "github:NixOS/nixpkgs/d202f48f1249f013aa2660c6733e251c85712cbe#kubernetes-helm",
      "source": "devbox-search",
      "version": "3.18.2",
      "systems": {
        "aarch64-darwin": {
          "outputs": [
            {
              "name": "out",
              "path": "/nix/store/jlp184pfj4sr13bynvhh2xdr2kcqki6s-kubernetes-helm-3.18.2",
              "default": true
            }
          ],
          "store_path": "/nix/store/jlp184pfj4sr13bynvhh2xdr2kcqki6s-kubernetes-helm-3.18.2"
        },
        "aarch64-linux": {
          "outputs": [
            {
              "name": "out",
              "path": "/nix/store/iyc7rs8vwp0dgjsjbkln1aa32gfls80l-kubernetes-helm-3.18.2",
              "default": true
            }
          ],
          "store_path": "/nix/store/iyc7rs8vwp0dgjsjbkln1aa32gfls80l-kubernetes-helm-3.18.2"
        },
        "x86_64-darwin": {
          "outputs": [
            {
              "name": "out",
              "path": "/nix/store/hxwfq2n2shcwvg0mz967d12clys1i2hd-kubernetes-helm-3.18.2",
              "default": true
            }
          ],
          "store_path": "/nix/store/hxwfq2n2shcwvg0mz967d12clys1i2hd-kubernetes-helm-3.18.2"
        },
        "x86_64-linux": {
          "outputs": [
            {
              "name": "out",
              "path": "/nix/store/i7ak9gjj38s29k5lxjnak735713caf6f-kubernetes-helm-3.18.2",
              "default": true
            }
          ],
          "store_path": "/nix/store/i7ak9gjj38s29k5lxjnak735713caf6f-kubernetes-helm-3.18.2"
        }
      }
    },
    "kustomize@latest": {
      "last_modified": "2025-11-23T21:50:36Z",
      "resolved": "github:NixOS/nixpkgs/ee09932cedcef15aaf476f9343d1dea2cb77e261#kustomize",
      "source": "devbox-search",
      "version": "5.8.0",
      "systems": {
        "aarch64-darwin": {
          "outputs": [
            {
              "name": "out",
              "path": "/nix/store/bfpk7qk50w5p8zxal5v9xxw26wsx1xp4-kustomize-5.8.0",
              "default": true
            }
          ],
          "store_path": "/nix/store/bfpk7qk50w5p8zxal5v9xxw26wsx1xp4-kustomize-5.8.0"
        },
        "aarch64-linux": {
          "outputs": [
            {
              "name": "out",
              "path": "/nix/store/771gd7nr0v7wb47ap90k4ig0mzb9cqdk-kustomize-5.8.0",
              "default": true
            }
          ],
          "store_path": "/nix/store/771gd7nr0v7wb47ap90k4ig0mzb9cqdk-kustomize-5.8.0"
        },
        "x86_64-darwin": {
          "outputs": [
            {
              "name": "out",
              "path": "/nix/store/l46dlgypv437c599870klhqwf3d7i63j-kustomize-5.8.0",
              "default": true
            }
          ],
          "store_path": "/nix/store/l46dlgypv437c599870klhqwf3d7i63j-kustomize-5.8.0"
        },
        "x86_64-linux": {
          "outputs": [
            {
              "name": "out",
              "path": "/nix/store/wa0z5dbcpm2zr2d51dn4ggngvvh17pk3-kustomize-5.8.0",
              "default": true
            }
          ],
          "store_path": "/nix/store/wa0z5dbcpm2zr2d51dn4ggngvvh17pk3-kustomize-5.8.0"
        }
      }
    },
    "pyinfra@latest": {
      "last_modified": "2025-05-16T20:19:48Z",
      "resolved": "github:NixOS/nixpkgs/12a55407652e04dcf2309436eb06fef0d3713ef3#pyinfra",
      "source": "devbox-search",
      "version": "3.2",
      "systems": {
        "aarch64-darwin": {
          "outputs": [
            {
              "name": "out",
              "path": "/nix/store/7waxmrdk9r8xx2k46i1vwrrpjva52b4k-python3.12-pyinfra-3.2",
              "default": true
            },
            {
              "name": "dist",
              "path": "/nix/store/figyykw47i3z87d5k9zr0r2njq8j1rk3-python3.12-pyinfra-3.2-dist"
            }
          ],
          "store_path": "/nix/store/7waxmrdk9r8xx2k46i1vwrrpjva52b4k-python3.12-pyinfra-3.2"
        },
        "aarch64-linux": {
          "outputs": [
            {
              "name": "out",
              "path": "/nix/store/v0c0vglkhcms06xkxifb4b7cq4fpcgxa-python3.12-pyinfra-3.2",
              "default": true
            },
            {
              "name": "dist",
              "path": "/nix/store/vv70gsc1xgl8mqyfbi6jsfhixkrg89cv-python3.12-pyinfra-3.2-dist"
            }
          ],
          "store_path": "/nix/store/v0c0vglkhcms06xkxifb4b7cq4fpcgxa-python3.12-pyinfra-3.2"
        },
        "x86_64-darwin": {
          "outputs": [
            {
              "name": "out",
              "path": "/nix/store/knv3az2c9rjg522whjwapk5rdwa45r8r-python3.12-pyinfra-3.2",
              "default": true
            },
            {
              "name": "dist",
              "path": "/nix/store/qacywznhni367q9lnnlfr76f05amjkrs-python3.12-pyinfra-3.2-dist"
            }
          ],
          "store_path": "/nix/store/knv3az2c9rjg522whjwapk5rdwa45r8r-python3.12-pyinfra-3.2"
        },
        "x86_64-linux": {
          "outputs": [
            {
              "name": "out",
              "path": "/nix/store/qmx8a6zygc0jgs46xr6vyx96iifvpz1s-python3.12-pyinfra-3.2",
              "default": true
            },
            {
              "name": "dist",
              "path": "/nix/store/23dhlqjm3j81wcygir882c8m31bx9m0g-python3.12-pyinfra-3.2-dist"
            }
          ],
          "store_path": "/nix/store/qmx8a6zygc0jgs46xr6vyx96iifvpz1s-python3.12-pyinfra-3.2"
        }
      }
    },
    "python311@latest": {
      "last_modified": "2025-05-16T20:19:48Z",
      "plugin_version": "0.0.4",
      "resolved": "github:NixOS/nixpkgs/12a55407652e04dcf2309436eb06fef0d3713ef3#python311",
      "source": "devbox-search",
      "version": "3.11.12",
      "systems": {
        "aarch64-darwin": {
          "outputs": [
            {
              "name": "out",
              "path": "/nix/store/4jncyfh593f696rhz8a0f6ql178khlv3-python3-3.11.12",
              "default": true
            }
          ],
          "store_path": "/nix/store/4jncyfh593f696rhz8a0f6ql178khlv3-python3-3.11.12"
        },
        "aarch64-linux": {
          "outputs": [
            {
              "name": "out",
              "path": "/nix/store/yhjp1d1nnk3r7y9r3219bjzhccd77qws-python3-3.11.12",
              "default": true
            },
            {
              "name": "debug",
              "path": "/nix/store/yy5v4bvhzw7wqgvdq10vc6fqhzhs5bcs-python3-3.11.12-debug"
            }
          ],
          "store_path": "/nix/store/yhjp1d1nnk3r7y9r3219bjzhccd77qws-python3-3.11.12"
        },
        "x86_64-darwin": {
          "outputs": [
            {
              "name": "out",
              "path": "/nix/store/mbpn0jq3nq2zlwnxj67vjnxxw1rfc557-python3-3.11.12",
              "default": true
            }
          ],
          "store_path": "/nix/store/mbpn0jq3nq2zlwnxj67vjnxxw1rfc557-python3-3.11.12"
        },
        "x86_64-linux": {
          "outputs": [
            {
              "name": "out",
              "path": "/nix/store/98jyyrwvy52nsvbzv9g9zvl9hdqw6sq3-python3-3.11.12",
              "default": true
            },
            {
              "name": "debug",
              "path": "/nix/store/nc3m92y8baqlzzlay1g0d7z7skncr491-python3-3.11.12-debug"
            }
          ],
          "store_path": "/nix/store/98jyyrwvy52nsvbzv9g9zvl9hdqw6sq3-python3-3.11.12"
        }
      }
    },
    "wakeonlan@latest": {
      "last_modified": "2025-05-16T20:19:48Z",
      "resolved": "github:NixOS/nixpkgs/12a55407652e04dcf2309436eb06fef0d3713ef3#wakeonlan",
      "source": "devbox-search",
      "version": "0.42",
      "systems": {
        "aarch64-darwin": {
          "outputs": [
            {
              "name": "out",
              "path": "/nix/store/rx9irhz6qpj5mxvlzzqxi93npadr8bph-perl5.40.0-wakeonlan-0.42",
              "default": true
            }
          ],
          "store_path": "/nix/store/rx9irhz6qpj5mxvlzzqxi93npadr8bph-perl5.40.0-wakeonlan-0.42"
        },
        "aarch64-linux": {
          "outputs": [
            {
              "name": "out",
              "path": "/nix/store/7la037wqg4piysvh6738fb9d3iwcrpam-perl5.40.0-wakeonlan-0.42",
              "default": true
            }
          ],
          "store_path": "/nix/store/7la037wqg4piysvh6738fb9d3iwcrpam-perl5.40.0-wakeonlan-0.42"
        },
        "x86_64-darwin": {
          "outputs": [
            {
              "name": "out",
              "path": "/nix/store/w7c7cdxjsgspgbbx8fnpwa8c6by6q1vq-perl5.40.0-wakeonlan-0.42",
              "default": true
            }
          ],
          "store_path": "/nix/store/w7c7cdxjsgspgbbx8fnpwa8c6by6q1vq-perl5.40.0-wakeonlan-0.42"
        },
        "x86_64-linux": {
          "outputs": [
            {
              "name": "out",
              "path": "/nix/store/pwnxlgjflqqgv6fs6vd18k7l9z6sqhpj-perl5.40.0-wakeonlan-0.42",
              "default": true
            }
          ],
          "store_path": "/nix/store/pwnxlgjflqqgv6fs6vd18k7l9z6sqhpj-perl5.40.0-wakeonlan-0.42"
        }
      }
    }
  }
}
