{
  "lockfile_version": "1",
  "packages": {
    "dapr-cli@latest": {
      "last_modified": "2024-04-19T17:36:04-04:00",
      "resolved": "github:NixOS/nixpkgs/92d295f588631b0db2da509f381b4fb1e74173c5#dapr-cli",
      "source": "devbox-search",
      "version": "1.13.0",
      "systems": {
        "aarch64-darwin": {
          "outputs": [
            {
              "name": "out",
              "path": "/nix/store/36hrz4wa9y8g19b9qcl1kn0whkdi5jl5-dapr-cli-1.13.0",
              "default": true
            }
          ],
          "store_path": "/nix/store/36hrz4wa9y8g19b9qcl1kn0whkdi5jl5-dapr-cli-1.13.0"
        },
        "aarch64-linux": {
          "outputs": [
            {
              "name": "out",
              "path": "/nix/store/4zdv33sshn40zypv0xcjdl10wjbs42rl-dapr-cli-1.13.0",
              "default": true
            }
          ],
          "store_path": "/nix/store/4zdv33sshn40zypv0xcjdl10wjbs42rl-dapr-cli-1.13.0"
        },
        "x86_64-darwin": {
          "outputs": [
            {
              "name": "out",
              "path": "/nix/store/vy43qkwyp8sh9rfnzxs7qg8jpm7zmc3n-dapr-cli-1.13.0",
              "default": true
            }
          ],
          "store_path": "/nix/store/vy43qkwyp8sh9rfnzxs7qg8jpm7zmc3n-dapr-cli-1.13.0"
        },
        "x86_64-linux": {
          "outputs": [
            {
              "name": "out",
              "path": "/nix/store/6clvnkxywvpdkbq5fm70k8wb6b0g0x9y-dapr-cli-1.13.0",
              "default": true
            }
          ],
          "store_path": "/nix/store/6clvnkxywvpdkbq5fm70k8wb6b0g0x9y-dapr-cli-1.13.0"
        }
      }
    },
    "helmfile@latest": {
      "last_modified": "2024-04-19T17:36:04-04:00",
      "resolved": "github:NixOS/nixpkgs/92d295f588631b0db2da509f381b4fb1e74173c5#helmfile",
      "source": "devbox-search",
      "version": "0.162.0",
      "systems": {
        "aarch64-darwin": {
          "outputs": [
            {
              "name": "out",
              "path": "/nix/store/h1zcmbwg43vav64l932axnwxyqfxgybj-helmfile-0.162.0",
              "default": true
            }
          ],
          "store_path": "/nix/store/h1zcmbwg43vav64l932axnwxyqfxgybj-helmfile-0.162.0"
        },
        "aarch64-linux": {
          "outputs": [
            {
              "name": "out",
              "path": "/nix/store/6n43n7xnfnsqd9gx90s8n77zyc4qjsmc-helmfile-0.162.0",
              "default": true
            }
          ],
          "store_path": "/nix/store/6n43n7xnfnsqd9gx90s8n77zyc4qjsmc-helmfile-0.162.0"
        },
        "x86_64-darwin": {
          "outputs": [
            {
              "name": "out",
              "path": "/nix/store/dns71ylr69x6npqklhdwllnw7lgjbasz-helmfile-0.162.0",
              "default": true
            }
          ],
          "store_path": "/nix/store/dns71ylr69x6npqklhdwllnw7lgjbasz-helmfile-0.162.0"
        },
        "x86_64-linux": {
          "outputs": [
            {
              "name": "out",
              "path": "/nix/store/69mk6qn425m8ks0556sdmsdzf80dlh13-helmfile-0.162.0",
              "default": true
            }
          ],
          "store_path": "/nix/store/69mk6qn425m8ks0556sdmsdzf80dlh13-helmfile-0.162.0"
        }
      }
    },
    "k9s@latest": {
      "last_modified": "2024-04-19T17:36:04-04:00",
      "resolved": "github:NixOS/nixpkgs/92d295f588631b0db2da509f381b4fb1e74173c5#k9s",
      "source": "devbox-search",
      "version": "0.32.4",
      "systems": {
        "aarch64-darwin": {
          "outputs": [
            {
              "name": "out",
              "path": "/nix/store/r7jyff9wwfn8414gdssgzfmjkm9jagsc-k9s-0.32.4",
              "default": true
            }
          ],
          "store_path": "/nix/store/r7jyff9wwfn8414gdssgzfmjkm9jagsc-k9s-0.32.4"
        },
        "aarch64-linux": {
          "outputs": [
            {
              "name": "out",
              "path": "/nix/store/4mfchlyipvl3psklgzi8kdvc1jrf9iaf-k9s-0.32.4",
              "default": true
            }
          ],
          "store_path": "/nix/store/4mfchlyipvl3psklgzi8kdvc1jrf9iaf-k9s-0.32.4"
        },
        "x86_64-darwin": {
          "outputs": [
            {
              "name": "out",
              "path": "/nix/store/wmzpk85wsl5f75rxr29iz64spvb5kzwd-k9s-0.32.4",
              "default": true
            }
          ],
          "store_path": "/nix/store/wmzpk85wsl5f75rxr29iz64spvb5kzwd-k9s-0.32.4"
        },
        "x86_64-linux": {
          "outputs": [
            {
              "name": "out",
              "path": "/nix/store/b9cjh70in8c7mrd3sacnn0ric8fj7b82-k9s-0.32.4",
              "default": true
            }
          ],
          "store_path": "/nix/store/b9cjh70in8c7mrd3sacnn0ric8fj7b82-k9s-0.32.4"
        }
      }
    },
    "krew@latest": {
      "last_modified": "2024-04-19T17:36:04-04:00",
      "resolved": "github:NixOS/nixpkgs/92d295f588631b0db2da509f381b4fb1e74173c5#krew",
      "source": "devbox-search",
      "version": "0.4.4",
      "systems": {
        "aarch64-darwin": {
          "outputs": [
            {
              "name": "out",
              "path": "/nix/store/ysyyxvv4hgydckqbkiva1gfnlyalziwd-krew-0.4.4",
              "default": true
            }
          ],
          "store_path": "/nix/store/ysyyxvv4hgydckqbkiva1gfnlyalziwd-krew-0.4.4"
        },
        "aarch64-linux": {
          "outputs": [
            {
              "name": "out",
              "path": "/nix/store/q414nv72aca9f5332ipypi80n5b6gkih-krew-0.4.4",
              "default": true
            }
          ],
          "store_path": "/nix/store/q414nv72aca9f5332ipypi80n5b6gkih-krew-0.4.4"
        },
        "x86_64-darwin": {
          "outputs": [
            {
              "name": "out",
              "path": "/nix/store/qpj8s4pw4nln4959r4s9p35jpfgbvf1j-krew-0.4.4",
              "default": true
            }
          ],
          "store_path": "/nix/store/qpj8s4pw4nln4959r4s9p35jpfgbvf1j-krew-0.4.4"
        },
        "x86_64-linux": {
          "outputs": [
            {
              "name": "out",
              "path": "/nix/store/vwyyz4c5ggyw4qxwrfm3aw1g7lx5ims5-krew-0.4.4",
              "default": true
            }
          ],
          "store_path": "/nix/store/vwyyz4c5ggyw4qxwrfm3aw1g7lx5ims5-krew-0.4.4"
        }
      }
    },
    "kubectl@latest": {
      "last_modified": "2024-04-25T11:29:45-04:00",
      "resolved": "github:NixOS/nixpkgs/bf182c39d9439811484aad0d241ea89619b44bc7#kubectl",
      "source": "devbox-search",
      "version": "1.30.0",
      "systems": {
        "aarch64-darwin": {
          "outputs": [
            {
              "name": "out",
              "path": "/nix/store/37l125fmsqjlgzg6nkv84kbq0bdfdn09-kubectl-1.30.0",
              "default": true
            },
            {
              "name": "man",
              "path": "/nix/store/vcjzq65cqyrzcfmjzsj42hrw3x45mk8s-kubectl-1.30.0-man",
              "default": true
            },
            {
              "name": "convert",
              "path": "/nix/store/6fx7d4rwmkvsbzkxl395r1y5401386yr-kubectl-1.30.0-convert"
            }
          ],
          "store_path": "/nix/store/37l125fmsqjlgzg6nkv84kbq0bdfdn09-kubectl-1.30.0"
        },
        "aarch64-linux": {
          "outputs": [
            {
              "name": "out",
              "path": "/nix/store/mw521nhjmm9zij283yrxdbh0fislpdy4-kubectl-1.30.0",
              "default": true
            },
            {
              "name": "man",
              "path": "/nix/store/grk8qw3nmp1vxc31dyg1z5z507l9ckpq-kubectl-1.30.0-man",
              "default": true
            },
            {
              "name": "convert",
              "path": "/nix/store/nl734r759bgqw8rarrrbs03y4qa04ky7-kubectl-1.30.0-convert"
            }
          ],
          "store_path": "/nix/store/mw521nhjmm9zij283yrxdbh0fislpdy4-kubectl-1.30.0"
        },
        "x86_64-darwin": {
          "outputs": [
            {
              "name": "out",
              "path": "/nix/store/kzi7bl9hpgn5c9i7pcq2cby92gwighaj-kubectl-1.30.0",
              "default": true
            },
            {
              "name": "man",
              "path": "/nix/store/1f08fr3w6ba623fb4n56s2dk7mrmpb0h-kubectl-1.30.0-man",
              "default": true
            },
            {
              "name": "convert",
              "path": "/nix/store/739cc0ccyia6410bhrxg2iv1qj0zqjsz-kubectl-1.30.0-convert"
            }
          ],
          "store_path": "/nix/store/kzi7bl9hpgn5c9i7pcq2cby92gwighaj-kubectl-1.30.0"
        },
        "x86_64-linux": {
          "outputs": [
            {
              "name": "out",
              "path": "/nix/store/r5gah9impdhsi9f5hsbg32xqfqsajh90-kubectl-1.30.0",
              "default": true
            },
            {
              "name": "man",
              "path": "/nix/store/6r4jpknb24y1x83wrrind0b0h1as07a4-kubectl-1.30.0-man",
              "default": true
            },
            {
              "name": "convert",
              "path": "/nix/store/4hbqv5y1h7hw88xkjrbgr0gn8p7pwszp-kubectl-1.30.0-convert"
            }
          ],
          "store_path": "/nix/store/r5gah9impdhsi9f5hsbg32xqfqsajh90-kubectl-1.30.0"
        }
      }
    },
    "kubernetes-helm@latest": {
      "last_modified": "2024-04-19T17:36:04-04:00",
      "resolved": "github:NixOS/nixpkgs/92d295f588631b0db2da509f381b4fb1e74173c5#kubernetes-helm",
      "source": "devbox-search",
      "version": "3.14.4",
      "systems": {
        "aarch64-darwin": {
          "outputs": [
            {
              "name": "out",
              "path": "/nix/store/1rlaqgp0b551xzi4mi31wy2zwk3qbs4j-kubernetes-helm-3.14.4",
              "default": true
            }
          ],
          "store_path": "/nix/store/1rlaqgp0b551xzi4mi31wy2zwk3qbs4j-kubernetes-helm-3.14.4"
        },
        "aarch64-linux": {
          "outputs": [
            {
              "name": "out",
              "path": "/nix/store/jl1h7r1m77qi845ji1grrchgvcsjb7w6-kubernetes-helm-3.14.4",
              "default": true
            }
          ],
          "store_path": "/nix/store/jl1h7r1m77qi845ji1grrchgvcsjb7w6-kubernetes-helm-3.14.4"
        },
        "x86_64-darwin": {
          "outputs": [
            {
              "name": "out",
              "path": "/nix/store/hl7n59kix0bv78vgiq4irkscgyndm81h-kubernetes-helm-3.14.4",
              "default": true
            }
          ],
          "store_path": "/nix/store/hl7n59kix0bv78vgiq4irkscgyndm81h-kubernetes-helm-3.14.4"
        },
        "x86_64-linux": {
          "outputs": [
            {
              "name": "out",
              "path": "/nix/store/mg1wazgldz91y0k2nfks8w3imlpmf4k7-kubernetes-helm-3.14.4",
              "default": true
            }
          ],
          "store_path": "/nix/store/mg1wazgldz91y0k2nfks8w3imlpmf4k7-kubernetes-helm-3.14.4"
        }
      }
    },
    "pyinfra@latest": {
      "last_modified": "2024-04-19T17:36:04-04:00",
      "resolved": "github:NixOS/nixpkgs/92d295f588631b0db2da509f381b4fb1e74173c5#pyinfra",
      "source": "devbox-search",
      "version": "2.9.2",
      "systems": {
        "aarch64-darwin": {
          "outputs": [
            {
              "name": "out",
              "path": "/nix/store/arwkclmz1jqkmm6s4nz3svh8pxww2w5g-python3.11-pyinfra-2.9.2",
              "default": true
            },
            {
              "name": "dist",
              "path": "/nix/store/jpwxvlkxfy9zxzcsph5wsvaxi3nk0vdg-python3.11-pyinfra-2.9.2-dist"
            }
          ],
          "store_path": "/nix/store/arwkclmz1jqkmm6s4nz3svh8pxww2w5g-python3.11-pyinfra-2.9.2"
        },
        "aarch64-linux": {
          "outputs": [
            {
              "name": "out",
              "path": "/nix/store/9lx1cl9c7bdcx74jqdijz6i73hi8pwr9-python3.11-pyinfra-2.9.2",
              "default": true
            },
            {
              "name": "dist",
              "path": "/nix/store/cli435kzkrnqx43iipnx5l4qnd6cj8va-python3.11-pyinfra-2.9.2-dist"
            }
          ],
          "store_path": "/nix/store/9lx1cl9c7bdcx74jqdijz6i73hi8pwr9-python3.11-pyinfra-2.9.2"
        },
        "x86_64-darwin": {
          "outputs": [
            {
              "name": "out",
              "path": "/nix/store/1vv3hjj2bn2swkl00xw3xv6api3zjb4b-python3.11-pyinfra-2.9.2",
              "default": true
            },
            {
              "name": "dist",
              "path": "/nix/store/qb7q2gxl56r2qla10whnzdm4v6pdgwyx-python3.11-pyinfra-2.9.2-dist"
            }
          ],
          "store_path": "/nix/store/1vv3hjj2bn2swkl00xw3xv6api3zjb4b-python3.11-pyinfra-2.9.2"
        },
        "x86_64-linux": {
          "outputs": [
            {
              "name": "out",
              "path": "/nix/store/3x4xclk8vmlsnnxn8jkgbnb1j9ba7jy0-python3.11-pyinfra-2.9.2",
              "default": true
            },
            {
              "name": "dist",
              "path": "/nix/store/w2v9jgjndk0gll5m073npy378bkh72pw-python3.11-pyinfra-2.9.2-dist"
            }
          ],
          "store_path": "/nix/store/3x4xclk8vmlsnnxn8jkgbnb1j9ba7jy0-python3.11-pyinfra-2.9.2"
        }
      }
    },
    "python311@latest": {
      "last_modified": "2023-09-27T14:02:17-04:00",
      "plugin_version": "0.0.3",
      "resolved": "github:NixOS/nixpkgs/517501bcf14ae6ec47efd6a17dda0ca8e6d866f9#python311",
      "source": "devbox-search",
      "version": "3.11.4",
      "systems": {
        "aarch64-darwin": {
          "outputs": [
            {
              "name": "out",
              "path": "/nix/store/rycxjkclx801wrhwrgllak0302xzjdvx-python3-3.11.4",
              "default": true
            }
          ],
          "store_path": "/nix/store/rycxjkclx801wrhwrgllak0302xzjdvx-python3-3.11.4"
        },
        "aarch64-linux": {
          "outputs": [
            {
              "name": "out",
              "path": "/nix/store/h4xi1djsmhk7bjdipz58xkfnf8lc9mpm-python3-3.11.4",
              "default": true
            },
            {
              "name": "debug",
              "path": "/nix/store/h2f5f8p7ggl1iml05p4msyld0ijgm3v1-python3-3.11.4-debug"
            }
          ],
          "store_path": "/nix/store/h4xi1djsmhk7bjdipz58xkfnf8lc9mpm-python3-3.11.4"
        },
        "x86_64-darwin": {
          "outputs": [
            {
              "name": "out",
              "path": "/nix/store/yqs2zxkxn61xzimdaz1pbgawk2lnm0d8-python3-3.11.4",
              "default": true
            }
          ],
          "store_path": "/nix/store/yqs2zxkxn61xzimdaz1pbgawk2lnm0d8-python3-3.11.4"
        },
        "x86_64-linux": {
          "outputs": [
            {
              "name": "out",
              "path": "/nix/store/3k7is7nc2xbav8a48vx7arad522d8czx-python3-3.11.4",
              "default": true
            },
            {
              "name": "debug",
              "path": "/nix/store/p76nf72n6xp5y0igfki7lkbzng8vfikx-python3-3.11.4-debug"
            }
          ],
          "store_path": "/nix/store/3k7is7nc2xbav8a48vx7arad522d8czx-python3-3.11.4"
        }
      }
    }
  }
}
